{
  "version": 4,
  "terraform_version": "1.0.11",
  "serial": 1,
  "lineage": "0e637e00-d30c-2f3a-5657-54b32d6eab3d",
  "outputs": {},
  "resources": [
    {
      "mode": "managed",
      "type": "google_container_cluster",
      "name": "primary",
      "provider": "provider[\"registry.terraform.io/hashicorp/google\"]",
      "instances": [
        {
          "schema_version": 1,
          "attributes": {
            "addons_config": [
              {
                "cloudrun_config": [],
                "horizontal_pod_autoscaling": [],
                "http_load_balancing": [],
                "network_policy_config": [
                  {
                    "disabled": true
                  }
                ]
              }
            ],
            "authenticator_groups_config": [],
            "cluster_autoscaling": [
              {
                "auto_provisioning_defaults": [],
                "enabled": false,
                "resource_limits": []
              }
            ],
            "cluster_ipv4_cidr": "10.64.0.0/14",
            "database_encryption": [
              {
                "key_name": "",
                "state": "DECRYPTED"
              }
            ],
            "datapath_provider": "",
            "default_max_pods_per_node": null,
            "default_snat_status": [
              {
                "disabled": false
              }
            ],
            "description": "",
            "enable_autopilot": false,
            "enable_binary_authorization": false,
            "enable_intranode_visibility": false,
            "enable_kubernetes_alpha": false,
            "enable_legacy_abac": false,
            "enable_shielded_nodes": false,
            "enable_tpu": false,
            "endpoint": "35.223.241.188",
            "id": "projects/terraformdemo1-327716/locations/us-central1-a/clusters/marcellus-wallace",
            "initial_node_count": 3,
            "instance_group_urls": [
              "https://www.googleapis.com/compute/v1/projects/terraformdemo1-327716/zones/us-central1-a/instanceGroups/gke-marcellus-wallace-default-pool-e5b67c29-grp"
            ],
            "ip_allocation_policy": [],
            "label_fingerprint": "a9dc16a7",
            "location": "us-central1-a",
            "logging_config": [
              {
                "enable_components": [
                  "SYSTEM_COMPONENTS",
                  "WORKLOADS"
                ]
              }
            ],
            "logging_service": "logging.googleapis.com/kubernetes",
            "maintenance_policy": [],
            "master_auth": [
              {
                "client_certificate": "",
                "client_certificate_config": [
                  {
                    "issue_client_certificate": false
                  }
                ],
                "client_key": "",
                "cluster_ca_certificate": "LS0tLS1CRUdJTiBDRVJUSUZJQ0FURS0tLS0tCk1JSUVMVENDQXBXZ0F3SUJBZ0lSQUp5c3NkaHJ6UExDY3ZET1lldzR2UkV3RFFZSktvWklodmNOQVFFTEJRQXcKTHpFdE1Dc0dBMVVFQXhNa1pUSTFOVFE0WWpRdFptSmxOQzAwTlRrNExXRmhNbVl0TmpVek5UZG1OV1ZoWVdKawpNQ0FYRFRJeE1URXhPREEyTURFeE4xb1lEekl3TlRFeE1URXhNRGN3TVRFM1dqQXZNUzB3S3dZRFZRUURFeVJsCk1qVTFORGhpTkMxbVltVTBMVFExT1RndFlXRXlaaTAyTlRNMU4yWTFaV0ZoWW1Rd2dnR2lNQTBHQ1NxR1NJYjMKRFFFQkFRVUFBNElCandBd2dnR0tBb0lCZ1FEV1dvQlJtU0gvQWVPZ1BiYlZZWlVuVVRzKzFHNitya3ZubHIrYQo1cTRGdUNwMEpNVWsrRGVqcXhSM2hZYWVQQUNodGcyZklDRUpwVnZWUlJnMStJcTBXY0IrUUJ4RFVDS0JxQXJyCjVWR29OdUpuai9zejR3UzZXQ1lQVTZYYm1SWGdVQVNKbnZPRlM2RXRLaUtFU1VZa2lPZ1RUejBoa1VNM0tRR3cKTmpaWUlDcThPVGp6d0M5ZmVOYXZhZ3Y0WThnYzE2T1hydTU0d0tmSEtpa0lhRGx6dGVkT3hiRFhEZTl2eGNTUwpleGxpeUhuSHpUSVg0eHh2S05RWENSVnh3ZFY5V2pWY0JaSHVnMFQxOG1lcUVKaGh3MDkrZnQ5TSttY2tVM0JZClU3V0VGdFhwRHFGMDhmbkprUnpNbVJyVmVxUjFJVUVpYlFxK005KytxR1FmSVlhQnN1UU9VWlErSUNYeWcrZ28KTERkWXd2UW03VHVZemx0dkd2cDh5WU5rV2tDTlJIcExDK1EyODVRakkwRzZYSURoKytlQmoyNnZXR1dEL3VYZQpQdnJPekU1aldvN01lMVcybEJVR0J5ZVZiOE5FbVVqY1g1R0E4eE1oWk5OMnBvb0xLNlEvOG8ybUlnOGwvd0hqCmJXdWhmdGdHYVB1UWc2N0c0aHNqUVVWckFaOENBd0VBQWFOQ01FQXdEZ1lEVlIwUEFRSC9CQVFEQWdJRU1BOEcKQTFVZEV3RUIvd1FGTUFNQkFmOHdIUVlEVlIwT0JCWUVGRGx1UmpIbmlORTl6dmRDdDJJeDVpZVh4V1YyTUEwRwpDU3FHU0liM0RRRUJDd1VBQTRJQmdRQ2IzalYvWldmdXdkSGNQMWJVcElHZ1NYNzhpdFhVbXlDQ0tLQlBhOTFhClVyTDZXTmY5dU1oVUdxNCtTanh5anJGS2NrdzE1czF5N25tU2t2TXlxaFRkcUtzcitTeS9SRk9mMjlxYVBpZU4KTk9SdEo3TTVGYXIxblg2bkpkZHNKaXB1emVBR2Y3b3gwY1F3V2ZXakxYanc1WXRKRzR0R3pabmluS2R5Rk1KaQphKzJOd1Q4WUtPM2E0Vm90V3A5bm81bkw4aDdCUEFzOGU4S01aaWExaWtuWTAwNDF6cXdxbEIzZ3pFQlU1R1IyCkE3RWlaVjdRTmhuZnk5bXZmbVA5RDg5L2daZUZNNDhPYllVVklXVTR0ZG1SSWJnTDFtalNOWnhHc0ZsTUw3M1QKT0ttVUtXZmNTZW04aGw1M0FqUWE4SGY4cXhnTmFvRVd5SjlsdkFwWHBGVEp4Z05ZZFpYNm5VNUJiLy9TV1VKNAovWWxoM3hSM2NhNHBPUi9mRmJuUjh1V3N6Rmdsa2pNNEpSeTBZeXVtVGU3MSt5cm05MG9JZzVRRDNqK1R5TFhKCk1jZzhHdHY3cUJKMHNLQlY5bGNVUWp3L092MVphcHgwV0ZRME5zQXQzU21lRjc4SG1GMEo4c3FZbkNCUENVdXcKeEtFak41ODRLSEZRNmRpT2pWbC8yL2s9Ci0tLS0tRU5EIENFUlRJRklDQVRFLS0tLS0K",
                "password": "",
                "username": ""
              }
            ],
            "master_authorized_networks_config": [],
            "master_version": "1.20.10-gke.1600",
            "min_master_version": null,
            "monitoring_config": [
              {
                "enable_components": [
                  "SYSTEM_COMPONENTS"
                ]
              }
            ],
            "monitoring_service": "monitoring.googleapis.com/kubernetes",
            "name": "marcellus-wallace",
            "network": "projects/terraformdemo1-327716/global/networks/default",
            "network_policy": [
              {
                "enabled": false,
                "provider": "PROVIDER_UNSPECIFIED"
              }
            ],
            "networking_mode": "ROUTES",
            "node_config": [
              {
                "disk_size_gb": 100,
                "disk_type": "pd-standard",
                "guest_accelerator": [],
                "image_type": "COS_CONTAINERD",
                "labels": {
                  "foo": "bar"
                },
                "local_ssd_count": 0,
                "machine_type": "e2-medium",
                "metadata": {
                  "disable-legacy-endpoints": "true"
                },
                "min_cpu_platform": "",
                "oauth_scopes": [
                  "https://www.googleapis.com/auth/cloud-platform"
                ],
                "preemptible": false,
                "service_account": "default",
                "shielded_instance_config": [
                  {
                    "enable_integrity_monitoring": true,
                    "enable_secure_boot": false
                  }
                ],
                "tags": [
                  "foo",
                  "bar"
                ],
                "taint": [],
                "workload_metadata_config": []
              }
            ],
            "node_locations": [],
            "node_pool": [
              {
                "autoscaling": [],
                "initial_node_count": 3,
                "instance_group_urls": [
                  "https://www.googleapis.com/compute/v1/projects/terraformdemo1-327716/zones/us-central1-a/instanceGroupManagers/gke-marcellus-wallace-default-pool-e5b67c29-grp"
                ],
                "management": [
                  {
                    "auto_repair": true,
                    "auto_upgrade": true
                  }
                ],
                "max_pods_per_node": 0,
                "name": "default-pool",
                "name_prefix": "",
                "node_config": [
                  {
                    "disk_size_gb": 100,
                    "disk_type": "pd-standard",
                    "guest_accelerator": [],
                    "image_type": "COS_CONTAINERD",
                    "labels": {
                      "foo": "bar"
                    },
                    "local_ssd_count": 0,
                    "machine_type": "e2-medium",
                    "metadata": {
                      "disable-legacy-endpoints": "true"
                    },
                    "min_cpu_platform": "",
                    "oauth_scopes": [
                      "https://www.googleapis.com/auth/cloud-platform"
                    ],
                    "preemptible": false,
                    "service_account": "default",
                    "shielded_instance_config": [
                      {
                        "enable_integrity_monitoring": true,
                        "enable_secure_boot": false
                      }
                    ],
                    "tags": [
                      "foo",
                      "bar"
                    ],
                    "taint": [],
                    "workload_metadata_config": []
                  }
                ],
                "node_count": 3,
                "node_locations": [
                  "us-central1-a"
                ],
                "upgrade_settings": [
                  {
                    "max_surge": 1,
                    "max_unavailable": 0
                  }
                ],
                "version": "1.20.10-gke.1600"
              }
            ],
            "node_version": "1.20.10-gke.1600",
            "operation": null,
            "pod_security_policy_config": [],
            "private_cluster_config": [],
            "private_ipv6_google_access": "",
            "project": "terraformdemo1-327716",
            "release_channel": [
              {
                "channel": "REGULAR"
              }
            ],
            "remove_default_node_pool": null,
            "resource_labels": null,
            "resource_usage_export_config": [],
            "self_link": "https://container.googleapis.com/v1beta1/projects/terraformdemo1-327716/zones/us-central1-a/clusters/marcellus-wallace",
            "services_ipv4_cidr": "10.67.240.0/20",
            "subnetwork": "projects/terraformdemo1-327716/regions/us-central1/subnetworks/default",
            "timeouts": {
              "create": "30m",
              "delete": null,
              "read": null,
              "update": "40m"
            },
            "tpu_ipv4_cidr_block": "",
            "vertical_pod_autoscaling": [],
            "workload_identity_config": []
          },
          "sensitive_attributes": [],
          "private": "eyJlMmJmYjczMC1lY2FhLTExZTYtOGY4OC0zNDM2M2JjN2M0YzAiOnsiY3JlYXRlIjoxODAwMDAwMDAwMDAwLCJkZWxldGUiOjI0MDAwMDAwMDAwMDAsInJlYWQiOjI0MDAwMDAwMDAwMDAsInVwZGF0ZSI6MjQwMDAwMDAwMDAwMH0sInNjaGVtYV92ZXJzaW9uIjoiMSJ9"
        }
      ]
    }
  ]
}
